
Microsoft Visual Studio Solution File, Format Version 12.00
# Visual Studio Version 17
VisualStudioVersion = 17.2.32630.192
MinimumVisualStudioVersion = 10.0.40219.1
Project("{FAE04EC0-301F-11D3-BF4B-00C04F79EFBC}") = "SD_SOFT_CRM_EK", "SD_SOFT_CRM_EK\SD_SOFT_CRM_EK.csproj", "{5656E267-CAFD-458A-9F94-E4923B7E668F}"
EndProject
Global
	GlobalSection(SolutionConfigurationPlatforms) = preSolution
		Debug|Any CPU = Debug|Any CPU
		Release|Any CPU = Release|Any CPU
	EndGlobalSection
	GlobalSection(ProjectConfigurationPlatforms) = postSolution
		{5656E267-CAFD-458A-9F94-E4923B7E668F}.Debug|Any CPU.ActiveCfg = Debug|Any CPU
		{5656E267-CAFD-458A-9F94-E4923B7E668F}.Debug|Any CPU.Build.0 = Debug|Any CPU
		{5656E267-CAFD-458A-9F94-E4923B7E668F}.Release|Any CPU.ActiveCfg = Release|Any CPU
		{5656E267-CAFD-458A-9F94-E4923B7E668F}.Release|Any CPU.Build.0 = Release|Any CPU
	EndGlobalSection
	GlobalSection(SolutionProperties) = preSolution
		HideSolutionNode = FALSE
	EndGlobalSection
	GlobalSection(ExtensibilityGlobals) = postSolution
		SolutionGuid = {FEE41CC3-2471-4ABE-B495-45220A37F59C}
	EndGlobalSection
EndGlobal
